
Microsoft Visual Studio Solution File, Format Version 12.00
# Visual Studio Version 17
VisualStudioVersion = 17.11.35327.3
MinimumVisualStudioVersion = 10.0.40219.1
Project("{FAE04EC0-301F-11D3-BF4B-00C04F79EFBC}") = "TestApi", "TestApi\TestApi.csproj", "{CDD700BE-BF8A-4D96-B502-972568342A3D}"
EndProject
Project("{FAE04EC0-301F-11D3-BF4B-00C04F79EFBC}") = "TestCore", "TestCore\TestCore.csproj", "{29423419-F620-4127-9568-C0860C8E5402}"
EndProject
Project("{FAE04EC0-301F-11D3-BF4B-00C04F79EFBC}") = "TestData", "TestData\TestData.csproj", "{80119740-BBFE-4FD0-81F2-7E94EFD84AB5}"
EndProject
Project("{E53339B2-1760-4266-BCC7-CA923CBCF16C}") = "docker-compose", "docker-compose.dcproj", "{2BDDBEC4-A322-4C80-8271-3E3E97D703CF}"
EndProject
Global
	GlobalSection(SolutionConfigurationPlatforms) = preSolution
		Debug|Any CPU = Debug|Any CPU
		Release|Any CPU = Release|Any CPU
	EndGlobalSection
	GlobalSection(ProjectConfigurationPlatforms) = postSolution
		{CDD700BE-BF8A-4D96-B502-972568342A3D}.Debug|Any CPU.ActiveCfg = Debug|Any CPU
		{CDD700BE-BF8A-4D96-B502-972568342A3D}.Debug|Any CPU.Build.0 = Debug|Any CPU
		{CDD700BE-BF8A-4D96-B502-972568342A3D}.Release|Any CPU.ActiveCfg = Release|Any CPU
		{CDD700BE-BF8A-4D96-B502-972568342A3D}.Release|Any CPU.Build.0 = Release|Any CPU
		{29423419-F620-4127-9568-C0860C8E5402}.Debug|Any CPU.ActiveCfg = Debug|Any CPU
		{29423419-F620-4127-9568-C0860C8E5402}.Debug|Any CPU.Build.0 = Debug|Any CPU
		{29423419-F620-4127-9568-C0860C8E5402}.Release|Any CPU.ActiveCfg = Release|Any CPU
		{29423419-F620-4127-9568-C0860C8E5402}.Release|Any CPU.Build.0 = Release|Any CPU
		{80119740-BBFE-4FD0-81F2-7E94EFD84AB5}.Debug|Any CPU.ActiveCfg = Debug|Any CPU
		{80119740-BBFE-4FD0-81F2-7E94EFD84AB5}.Debug|Any CPU.Build.0 = Debug|Any CPU
		{80119740-BBFE-4FD0-81F2-7E94EFD84AB5}.Release|Any CPU.ActiveCfg = Release|Any CPU
		{80119740-BBFE-4FD0-81F2-7E94EFD84AB5}.Release|Any CPU.Build.0 = Release|Any CPU
		{2BDDBEC4-A322-4C80-8271-3E3E97D703CF}.Debug|Any CPU.ActiveCfg = Debug|Any CPU
		{2BDDBEC4-A322-4C80-8271-3E3E97D703CF}.Debug|Any CPU.Build.0 = Debug|Any CPU
		{2BDDBEC4-A322-4C80-8271-3E3E97D703CF}.Release|Any CPU.ActiveCfg = Release|Any CPU
		{2BDDBEC4-A322-4C80-8271-3E3E97D703CF}.Release|Any CPU.Build.0 = Release|Any CPU
	EndGlobalSection
	GlobalSection(SolutionProperties) = preSolution
		HideSolutionNode = FALSE
	EndGlobalSection
	GlobalSection(ExtensibilityGlobals) = postSolution
		SolutionGuid = {20948EF8-76A5-41E6-9AE2-43094D71A39D}
	EndGlobalSection
EndGlobal
